
Microsoft Visual Studio Solution File, Format Version 12.00
# Visual Studio Version 16
VisualStudioVersion = 16.0.31613.86
MinimumVisualStudioVersion = 10.0.40219.1
Project("{FAE04EC0-301F-11D3-BF4B-00C04F79EFBC}") = "Sample0823", "Sample0823\Sample0823.csproj", "{FBFAE51A-ED2E-4468-B9E0-105BAB66103C}"
EndProject
Global
	GlobalSection(SolutionConfigurationPlatforms) = preSolution
		Debug|Any CPU = Debug|Any CPU
		Release|Any CPU = Release|Any CPU
	EndGlobalSection
	GlobalSection(ProjectConfigurationPlatforms) = postSolution
		{FBFAE51A-ED2E-4468-B9E0-105BAB66103C}.Debug|Any CPU.ActiveCfg = Debug|Any CPU
		{FBFAE51A-ED2E-4468-B9E0-105BAB66103C}.Debug|Any CPU.Build.0 = Debug|Any CPU
		{FBFAE51A-ED2E-4468-B9E0-105BAB66103C}.Release|Any CPU.ActiveCfg = Release|Any CPU
		{FBFAE51A-ED2E-4468-B9E0-105BAB66103C}.Release|Any CPU.Build.0 = Release|Any CPU
	EndGlobalSection
	GlobalSection(SolutionProperties) = preSolution
		HideSolutionNode = FALSE
	EndGlobalSection
	GlobalSection(ExtensibilityGlobals) = postSolution
		SolutionGuid = {B6E5702B-A35A-4980-8A83-130F12EEC0EC}
	EndGlobalSection
EndGlobal
