
Microsoft Visual Studio Solution File, Format Version 12.00
# Visual Studio Version 16
VisualStudioVersion = 16.0.31112.23
MinimumVisualStudioVersion = 10.0.40219.1
Project("{2150E333-8FDC-42A3-9474-1A3956D46DE8}") = "Chapter02", "Chapter02", "{25A59937-D029-4DDB-A456-25BEEFD96D29}"
EndProject
Project("{FAE04EC0-301F-11D3-BF4B-00C04F79EFBC}") = "DistanceConverter", "DistanceConverter\DistanceConverter.csproj", "{17F40810-EB14-4694-8118-E2808D3EECDE}"
EndProject
Project("{FAE04EC0-301F-11D3-BF4B-00C04F79EFBC}") = "SalesCalculator", "SalesCalcukator\SalesCalculator.csproj", "{583AD7A8-A1A4-4FA5-8412-7C3C228C89FC}"
EndProject
Project("{FAE04EC0-301F-11D3-BF4B-00C04F79EFBC}") = "Exercise1", "Exercise1\Exercise1.csproj", "{C2AFA4EA-C5D4-438B-BA25-A59BCA07C049}"
EndProject
Project("{FAE04EC0-301F-11D3-BF4B-00C04F79EFBC}") = "Exercise2", "Exercise\Exercise2.csproj", "{95023DCC-5E24-4C2B-AD3B-2179CECF972B}"
EndProject
Project("{FAE04EC0-301F-11D3-BF4B-00C04F79EFBC}") = "Exercise3", "Exercise3\Exercise3.csproj", "{7AB6D63E-BFD5-495E-B51C-7746C5DB8963}"
EndProject
Project("{2150E333-8FDC-42A3-9474-1A3956D46DE8}") = "Chapter03", "Chapter03", "{BC98ADBC-B382-486A-91D6-6C0FF2D5AD97}"
EndProject
Project("{FAE04EC0-301F-11D3-BF4B-00C04F79EFBC}") = "Section01", "Section01\Section01.csproj", "{286EC1D1-34EF-4616-8C00-E178BDC21864}"
EndProject
Global
	GlobalSection(SolutionConfigurationPlatforms) = preSolution
		Debug|Any CPU = Debug|Any CPU
		Release|Any CPU = Release|Any CPU
	EndGlobalSection
	GlobalSection(ProjectConfigurationPlatforms) = postSolution
		{17F40810-EB14-4694-8118-E2808D3EECDE}.Debug|Any CPU.ActiveCfg = Debug|Any CPU
		{17F40810-EB14-4694-8118-E2808D3EECDE}.Debug|Any CPU.Build.0 = Debug|Any CPU
		{17F40810-EB14-4694-8118-E2808D3EECDE}.Release|Any CPU.ActiveCfg = Release|Any CPU
		{17F40810-EB14-4694-8118-E2808D3EECDE}.Release|Any CPU.Build.0 = Release|Any CPU
		{583AD7A8-A1A4-4FA5-8412-7C3C228C89FC}.Debug|Any CPU.ActiveCfg = Debug|Any CPU
		{583AD7A8-A1A4-4FA5-8412-7C3C228C89FC}.Debug|Any CPU.Build.0 = Debug|Any CPU
		{583AD7A8-A1A4-4FA5-8412-7C3C228C89FC}.Release|Any CPU.ActiveCfg = Release|Any CPU
		{583AD7A8-A1A4-4FA5-8412-7C3C228C89FC}.Release|Any CPU.Build.0 = Release|Any CPU
		{C2AFA4EA-C5D4-438B-BA25-A59BCA07C049}.Debug|Any CPU.ActiveCfg = Debug|Any CPU
		{C2AFA4EA-C5D4-438B-BA25-A59BCA07C049}.Debug|Any CPU.Build.0 = Debug|Any CPU
		{C2AFA4EA-C5D4-438B-BA25-A59BCA07C049}.Release|Any CPU.ActiveCfg = Release|Any CPU
		{C2AFA4EA-C5D4-438B-BA25-A59BCA07C049}.Release|Any CPU.Build.0 = Release|Any CPU
		{95023DCC-5E24-4C2B-AD3B-2179CECF972B}.Debug|Any CPU.ActiveCfg = Debug|Any CPU
		{95023DCC-5E24-4C2B-AD3B-2179CECF972B}.Debug|Any CPU.Build.0 = Debug|Any CPU
		{95023DCC-5E24-4C2B-AD3B-2179CECF972B}.Release|Any CPU.ActiveCfg = Release|Any CPU
		{95023DCC-5E24-4C2B-AD3B-2179CECF972B}.Release|Any CPU.Build.0 = Release|Any CPU
		{7AB6D63E-BFD5-495E-B51C-7746C5DB8963}.Debug|Any CPU.ActiveCfg = Debug|Any CPU
		{7AB6D63E-BFD5-495E-B51C-7746C5DB8963}.Debug|Any CPU.Build.0 = Debug|Any CPU
		{7AB6D63E-BFD5-495E-B51C-7746C5DB8963}.Release|Any CPU.ActiveCfg = Release|Any CPU
		{7AB6D63E-BFD5-495E-B51C-7746C5DB8963}.Release|Any CPU.Build.0 = Release|Any CPU
		{286EC1D1-34EF-4616-8C00-E178BDC21864}.Debug|Any CPU.ActiveCfg = Debug|Any CPU
		{286EC1D1-34EF-4616-8C00-E178BDC21864}.Debug|Any CPU.Build.0 = Debug|Any CPU
		{286EC1D1-34EF-4616-8C00-E178BDC21864}.Release|Any CPU.ActiveCfg = Release|Any CPU
		{286EC1D1-34EF-4616-8C00-E178BDC21864}.Release|Any CPU.Build.0 = Release|Any CPU
	EndGlobalSection
	GlobalSection(SolutionProperties) = preSolution
		HideSolutionNode = FALSE
	EndGlobalSection
	GlobalSection(NestedProjects) = preSolution
		{17F40810-EB14-4694-8118-E2808D3EECDE} = {25A59937-D029-4DDB-A456-25BEEFD96D29}
		{583AD7A8-A1A4-4FA5-8412-7C3C228C89FC} = {25A59937-D029-4DDB-A456-25BEEFD96D29}
		{C2AFA4EA-C5D4-438B-BA25-A59BCA07C049} = {25A59937-D029-4DDB-A456-25BEEFD96D29}
		{95023DCC-5E24-4C2B-AD3B-2179CECF972B} = {25A59937-D029-4DDB-A456-25BEEFD96D29}
		{7AB6D63E-BFD5-495E-B51C-7746C5DB8963} = {25A59937-D029-4DDB-A456-25BEEFD96D29}
		{286EC1D1-34EF-4616-8C00-E178BDC21864} = {BC98ADBC-B382-486A-91D6-6C0FF2D5AD97}
	EndGlobalSection
	GlobalSection(ExtensibilityGlobals) = postSolution
		SolutionGuid = {F8C9D888-4756-447A-B601-702868020EAC}
	EndGlobalSection
EndGlobal
