
Microsoft Visual Studio Solution File, Format Version 12.00
# Visual Studio Version 16
VisualStudioVersion = 16.0.31112.23
MinimumVisualStudioVersion = 10.0.40219.1
Project("{2150E333-8FDC-42A3-9474-1A3956D46DE8}") = "Chapter02", "Chapter02", "{25A59937-D029-4DDB-A456-25BEEFD96D29}"
EndProject
Project("{FAE04EC0-301F-11D3-BF4B-00C04F79EFBC}") = "DistanceConverter", "DistanceConverter\DistanceConverter.csproj", "{17F40810-EB14-4694-8118-E2808D3EECDE}"
EndProject
Project("{FAE04EC0-301F-11D3-BF4B-00C04F79EFBC}") = "SalesCalculator", "SalesCalcukator\SalesCalculator.csproj", "{583AD7A8-A1A4-4FA5-8412-7C3C228C89FC}"
EndProject
Project("{FAE04EC0-301F-11D3-BF4B-00C04F79EFBC}") = "Exercise1", "Exercise1\Exercise1.csproj", "{C2AFA4EA-C5D4-438B-BA25-A59BCA07C049}"
EndProject
Project("{FAE04EC0-301F-11D3-BF4B-00C04F79EFBC}") = "Exercise2", "Exercise\Exercise2.csproj", "{95023DCC-5E24-4C2B-AD3B-2179CECF972B}"
EndProject
Project("{FAE04EC0-301F-11D3-BF4B-00C04F79EFBC}") = "Exercise3", "Exercise3\Exercise3.csproj", "{7AB6D63E-BFD5-495E-B51C-7746C5DB8963}"
EndProject
Project("{2150E333-8FDC-42A3-9474-1A3956D46DE8}") = "Chapter03", "Chapter03", "{BC98ADBC-B382-486A-91D6-6C0FF2D5AD97}"
EndProject
Project("{FAE04EC0-301F-11D3-BF4B-00C04F79EFBC}") = "Section01", "Section01\Section01.csproj", "{286EC1D1-34EF-4616-8C00-E178BDC21864}"
EndProject
Project("{2150E333-8FDC-42A3-9474-1A3956D46DE8}") = "Chapter04", "Chapter04", "{0339DDB8-9130-40E9-A38E-F1B183B26D0D}"
EndProject
Project("{FAE04EC0-301F-11D3-BF4B-00C04F79EFBC}") = "Section1", "Section1\Section1.csproj", "{B585BEFE-8B4E-41A5-A238-329ED6B80791}"
EndProject
Project("{2150E333-8FDC-42A3-9474-1A3956D46DE8}") = "Exercise", "Exercise", "{5080EFEF-2C15-4B40-AC2A-A87D6ECC9832}"
EndProject
Project("{FAE04EC0-301F-11D3-BF4B-00C04F79EFBC}") = "Exercise1", "Exercise\Exercise1\Exercise1.csproj", "{D0C25695-4C0D-4AC4-B9CA-3F2AD37A4F32}"
EndProject
Project("{2150E333-8FDC-42A3-9474-1A3956D46DE8}") = "Chapter05", "Chapter05", "{43C2E74D-CBAB-4F98-A3AA-402B8FC1012C}"
EndProject
Project("{FAE04EC0-301F-11D3-BF4B-00C04F79EFBC}") = "Exercise1", "Chapter05\Exercise1\Exercise1.csproj", "{3D2A9ED9-2592-47B2-A01A-8493AC4AFAE1}"
EndProject
Project("{FAE04EC0-301F-11D3-BF4B-00C04F79EFBC}") = "Test01", "TestProject\Test01\Test01.csproj", "{2BFACDC3-F44D-4199-8498-F5C3C4AC0335}"
EndProject
Project("{FAE04EC0-301F-11D3-BF4B-00C04F79EFBC}") = "Test02", "TestProject\Test02\Test02.csproj", "{E461C0A8-8900-485C-B520-E929BA33F712}"
EndProject
Project("{FAE04EC0-301F-11D3-BF4B-00C04F79EFBC}") = "Exercise2", "Chapter05\Exercise2\Exercise2\Exercise2.csproj", "{9358A349-9D5C-4A64-8DD1-4025C9551285}"
EndProject
Project("{FAE04EC0-301F-11D3-BF4B-00C04F79EFBC}") = "Exercise3", "Chapter05\Exercise3\Exercise3.csproj", "{3BFE6298-F5E4-4D40-A70E-900827DD5DB5}"
EndProject
Project("{2150E333-8FDC-42A3-9474-1A3956D46DE8}") = "Chapter06", "Chapter06", "{85E4608D-8B87-4E45-86ED-1CF43D189BE3}"
EndProject
Project("{FAE04EC0-301F-11D3-BF4B-00C04F79EFBC}") = "Section01", "Chapter06\Section01\Section01.csproj", "{CC501151-3A3F-48D8-8B68-D5FE0B435BCC}"
EndProject
Project("{FAE04EC0-301F-11D3-BF4B-00C04F79EFBC}") = "Exercise1", "Chapter06\Exercise\Exercise1\Exercise1.csproj", "{B27BFAD1-EC83-485F-8687-739022C071EF}"
EndProject
Project("{2150E333-8FDC-42A3-9474-1A3956D46DE8}") = "Exercise", "Exercise", "{E27E2BDF-497A-401F-888D-3128EF483CB4}"
EndProject
Project("{2150E333-8FDC-42A3-9474-1A3956D46DE8}") = "Chapter07", "Chapter07", "{8A77E7A4-D654-44CA-BEE3-BE68E49FD31A}"
EndProject
Project("{FAE04EC0-301F-11D3-BF4B-00C04F79EFBC}") = "Exercise1", "Chapter07\Exercise1\Exercise1.csproj", "{6F433438-A35D-4C9A-AD7F-E4E88E89FA88}"
EndProject
Project("{2150E333-8FDC-42A3-9474-1A3956D46DE8}") = "Exercise", "Exercise", "{CEF5EE85-59AA-4906-B8F6-D40E8FAFFB25}"
EndProject
Global
	GlobalSection(SolutionConfigurationPlatforms) = preSolution
		Debug|Any CPU = Debug|Any CPU
		Release|Any CPU = Release|Any CPU
	EndGlobalSection
	GlobalSection(ProjectConfigurationPlatforms) = postSolution
		{17F40810-EB14-4694-8118-E2808D3EECDE}.Debug|Any CPU.ActiveCfg = Debug|Any CPU
		{17F40810-EB14-4694-8118-E2808D3EECDE}.Debug|Any CPU.Build.0 = Debug|Any CPU
		{17F40810-EB14-4694-8118-E2808D3EECDE}.Release|Any CPU.ActiveCfg = Release|Any CPU
		{17F40810-EB14-4694-8118-E2808D3EECDE}.Release|Any CPU.Build.0 = Release|Any CPU
		{583AD7A8-A1A4-4FA5-8412-7C3C228C89FC}.Debug|Any CPU.ActiveCfg = Debug|Any CPU
		{583AD7A8-A1A4-4FA5-8412-7C3C228C89FC}.Debug|Any CPU.Build.0 = Debug|Any CPU
		{583AD7A8-A1A4-4FA5-8412-7C3C228C89FC}.Release|Any CPU.ActiveCfg = Release|Any CPU
		{583AD7A8-A1A4-4FA5-8412-7C3C228C89FC}.Release|Any CPU.Build.0 = Release|Any CPU
		{C2AFA4EA-C5D4-438B-BA25-A59BCA07C049}.Debug|Any CPU.ActiveCfg = Debug|Any CPU
		{C2AFA4EA-C5D4-438B-BA25-A59BCA07C049}.Debug|Any CPU.Build.0 = Debug|Any CPU
		{C2AFA4EA-C5D4-438B-BA25-A59BCA07C049}.Release|Any CPU.ActiveCfg = Release|Any CPU
		{C2AFA4EA-C5D4-438B-BA25-A59BCA07C049}.Release|Any CPU.Build.0 = Release|Any CPU
		{95023DCC-5E24-4C2B-AD3B-2179CECF972B}.Debug|Any CPU.ActiveCfg = Debug|Any CPU
		{95023DCC-5E24-4C2B-AD3B-2179CECF972B}.Debug|Any CPU.Build.0 = Debug|Any CPU
		{95023DCC-5E24-4C2B-AD3B-2179CECF972B}.Release|Any CPU.ActiveCfg = Release|Any CPU
		{95023DCC-5E24-4C2B-AD3B-2179CECF972B}.Release|Any CPU.Build.0 = Release|Any CPU
		{7AB6D63E-BFD5-495E-B51C-7746C5DB8963}.Debug|Any CPU.ActiveCfg = Debug|Any CPU
		{7AB6D63E-BFD5-495E-B51C-7746C5DB8963}.Debug|Any CPU.Build.0 = Debug|Any CPU
		{7AB6D63E-BFD5-495E-B51C-7746C5DB8963}.Release|Any CPU.ActiveCfg = Release|Any CPU
		{7AB6D63E-BFD5-495E-B51C-7746C5DB8963}.Release|Any CPU.Build.0 = Release|Any CPU
		{286EC1D1-34EF-4616-8C00-E178BDC21864}.Debug|Any CPU.ActiveCfg = Debug|Any CPU
		{286EC1D1-34EF-4616-8C00-E178BDC21864}.Debug|Any CPU.Build.0 = Debug|Any CPU
		{286EC1D1-34EF-4616-8C00-E178BDC21864}.Release|Any CPU.ActiveCfg = Release|Any CPU
		{286EC1D1-34EF-4616-8C00-E178BDC21864}.Release|Any CPU.Build.0 = Release|Any CPU
		{B585BEFE-8B4E-41A5-A238-329ED6B80791}.Debug|Any CPU.ActiveCfg = Debug|Any CPU
		{B585BEFE-8B4E-41A5-A238-329ED6B80791}.Debug|Any CPU.Build.0 = Debug|Any CPU
		{B585BEFE-8B4E-41A5-A238-329ED6B80791}.Release|Any CPU.ActiveCfg = Release|Any CPU
		{B585BEFE-8B4E-41A5-A238-329ED6B80791}.Release|Any CPU.Build.0 = Release|Any CPU
		{D0C25695-4C0D-4AC4-B9CA-3F2AD37A4F32}.Debug|Any CPU.ActiveCfg = Debug|Any CPU
		{D0C25695-4C0D-4AC4-B9CA-3F2AD37A4F32}.Debug|Any CPU.Build.0 = Debug|Any CPU
		{D0C25695-4C0D-4AC4-B9CA-3F2AD37A4F32}.Release|Any CPU.ActiveCfg = Release|Any CPU
		{D0C25695-4C0D-4AC4-B9CA-3F2AD37A4F32}.Release|Any CPU.Build.0 = Release|Any CPU
		{3D2A9ED9-2592-47B2-A01A-8493AC4AFAE1}.Debug|Any CPU.ActiveCfg = Debug|Any CPU
		{3D2A9ED9-2592-47B2-A01A-8493AC4AFAE1}.Debug|Any CPU.Build.0 = Debug|Any CPU
		{3D2A9ED9-2592-47B2-A01A-8493AC4AFAE1}.Release|Any CPU.ActiveCfg = Release|Any CPU
		{3D2A9ED9-2592-47B2-A01A-8493AC4AFAE1}.Release|Any CPU.Build.0 = Release|Any CPU
		{2BFACDC3-F44D-4199-8498-F5C3C4AC0335}.Debug|Any CPU.ActiveCfg = Debug|Any CPU
		{2BFACDC3-F44D-4199-8498-F5C3C4AC0335}.Debug|Any CPU.Build.0 = Debug|Any CPU
		{2BFACDC3-F44D-4199-8498-F5C3C4AC0335}.Release|Any CPU.ActiveCfg = Release|Any CPU
		{2BFACDC3-F44D-4199-8498-F5C3C4AC0335}.Release|Any CPU.Build.0 = Release|Any CPU
		{E461C0A8-8900-485C-B520-E929BA33F712}.Debug|Any CPU.ActiveCfg = Debug|Any CPU
		{E461C0A8-8900-485C-B520-E929BA33F712}.Debug|Any CPU.Build.0 = Debug|Any CPU
		{E461C0A8-8900-485C-B520-E929BA33F712}.Release|Any CPU.ActiveCfg = Release|Any CPU
		{E461C0A8-8900-485C-B520-E929BA33F712}.Release|Any CPU.Build.0 = Release|Any CPU
		{9358A349-9D5C-4A64-8DD1-4025C9551285}.Debug|Any CPU.ActiveCfg = Debug|Any CPU
		{9358A349-9D5C-4A64-8DD1-4025C9551285}.Debug|Any CPU.Build.0 = Debug|Any CPU
		{9358A349-9D5C-4A64-8DD1-4025C9551285}.Release|Any CPU.ActiveCfg = Release|Any CPU
		{9358A349-9D5C-4A64-8DD1-4025C9551285}.Release|Any CPU.Build.0 = Release|Any CPU
		{3BFE6298-F5E4-4D40-A70E-900827DD5DB5}.Debug|Any CPU.ActiveCfg = Debug|Any CPU
		{3BFE6298-F5E4-4D40-A70E-900827DD5DB5}.Debug|Any CPU.Build.0 = Debug|Any CPU
		{3BFE6298-F5E4-4D40-A70E-900827DD5DB5}.Release|Any CPU.ActiveCfg = Release|Any CPU
		{3BFE6298-F5E4-4D40-A70E-900827DD5DB5}.Release|Any CPU.Build.0 = Release|Any CPU
		{CC501151-3A3F-48D8-8B68-D5FE0B435BCC}.Debug|Any CPU.ActiveCfg = Debug|Any CPU
		{CC501151-3A3F-48D8-8B68-D5FE0B435BCC}.Debug|Any CPU.Build.0 = Debug|Any CPU
		{CC501151-3A3F-48D8-8B68-D5FE0B435BCC}.Release|Any CPU.ActiveCfg = Release|Any CPU
		{CC501151-3A3F-48D8-8B68-D5FE0B435BCC}.Release|Any CPU.Build.0 = Release|Any CPU
		{B27BFAD1-EC83-485F-8687-739022C071EF}.Debug|Any CPU.ActiveCfg = Debug|Any CPU
		{B27BFAD1-EC83-485F-8687-739022C071EF}.Debug|Any CPU.Build.0 = Debug|Any CPU
		{B27BFAD1-EC83-485F-8687-739022C071EF}.Release|Any CPU.ActiveCfg = Release|Any CPU
		{B27BFAD1-EC83-485F-8687-739022C071EF}.Release|Any CPU.Build.0 = Release|Any CPU
		{6F433438-A35D-4C9A-AD7F-E4E88E89FA88}.Debug|Any CPU.ActiveCfg = Debug|Any CPU
		{6F433438-A35D-4C9A-AD7F-E4E88E89FA88}.Debug|Any CPU.Build.0 = Debug|Any CPU
		{6F433438-A35D-4C9A-AD7F-E4E88E89FA88}.Release|Any CPU.ActiveCfg = Release|Any CPU
		{6F433438-A35D-4C9A-AD7F-E4E88E89FA88}.Release|Any CPU.Build.0 = Release|Any CPU
	EndGlobalSection
	GlobalSection(SolutionProperties) = preSolution
		HideSolutionNode = FALSE
	EndGlobalSection
	GlobalSection(NestedProjects) = preSolution
		{17F40810-EB14-4694-8118-E2808D3EECDE} = {25A59937-D029-4DDB-A456-25BEEFD96D29}
		{583AD7A8-A1A4-4FA5-8412-7C3C228C89FC} = {25A59937-D029-4DDB-A456-25BEEFD96D29}
		{C2AFA4EA-C5D4-438B-BA25-A59BCA07C049} = {25A59937-D029-4DDB-A456-25BEEFD96D29}
		{95023DCC-5E24-4C2B-AD3B-2179CECF972B} = {25A59937-D029-4DDB-A456-25BEEFD96D29}
		{7AB6D63E-BFD5-495E-B51C-7746C5DB8963} = {25A59937-D029-4DDB-A456-25BEEFD96D29}
		{286EC1D1-34EF-4616-8C00-E178BDC21864} = {BC98ADBC-B382-486A-91D6-6C0FF2D5AD97}
		{B585BEFE-8B4E-41A5-A238-329ED6B80791} = {5080EFEF-2C15-4B40-AC2A-A87D6ECC9832}
		{5080EFEF-2C15-4B40-AC2A-A87D6ECC9832} = {0339DDB8-9130-40E9-A38E-F1B183B26D0D}
		{D0C25695-4C0D-4AC4-B9CA-3F2AD37A4F32} = {5080EFEF-2C15-4B40-AC2A-A87D6ECC9832}
		{3D2A9ED9-2592-47B2-A01A-8493AC4AFAE1} = {43C2E74D-CBAB-4F98-A3AA-402B8FC1012C}
		{2BFACDC3-F44D-4199-8498-F5C3C4AC0335} = {0339DDB8-9130-40E9-A38E-F1B183B26D0D}
		{E461C0A8-8900-485C-B520-E929BA33F712} = {0339DDB8-9130-40E9-A38E-F1B183B26D0D}
		{9358A349-9D5C-4A64-8DD1-4025C9551285} = {43C2E74D-CBAB-4F98-A3AA-402B8FC1012C}
		{3BFE6298-F5E4-4D40-A70E-900827DD5DB5} = {43C2E74D-CBAB-4F98-A3AA-402B8FC1012C}
		{CC501151-3A3F-48D8-8B68-D5FE0B435BCC} = {85E4608D-8B87-4E45-86ED-1CF43D189BE3}
		{B27BFAD1-EC83-485F-8687-739022C071EF} = {E27E2BDF-497A-401F-888D-3128EF483CB4}
		{E27E2BDF-497A-401F-888D-3128EF483CB4} = {85E4608D-8B87-4E45-86ED-1CF43D189BE3}
		{6F433438-A35D-4C9A-AD7F-E4E88E89FA88} = {CEF5EE85-59AA-4906-B8F6-D40E8FAFFB25}
		{CEF5EE85-59AA-4906-B8F6-D40E8FAFFB25} = {8A77E7A4-D654-44CA-BEE3-BE68E49FD31A}
	EndGlobalSection
	GlobalSection(ExtensibilityGlobals) = postSolution
		SolutionGuid = {F8C9D888-4756-447A-B601-702868020EAC}
	EndGlobalSection
EndGlobal
